
Microsoft Visual Studio Solution File, Format Version 12.00
# Visual Studio 15
VisualStudioVersion = 15.0.27004.2005
MinimumVisualStudioVersion = 10.0.40219.1
Project("{8BC9CEB8-8B4A-11D0-8D11-00A0C91BC942}") = "Vending Machine", "Vending Machine\Vending Machine.vcxproj", "{CEBE5BA8-2AF9-4EAC-8E3A-A5E1957E016F}"
EndProject
Project("{8BC9CEB8-8B4A-11D0-8D11-00A0C91BC942}") = "UnitTesting", "UnitTesting\UnitTesting.vcxproj", "{8FF23B83-EAB6-4FFC-BE24-F50BBB82A654}"
EndProject
Project("{8BC9CEB8-8B4A-11D0-8D11-00A0C91BC942}") = "Vending Machine Test", "Vending Machine Test\Vending Machine Test.vcxproj", "{6BB3B238-12B2-4099-B996-EA0890582C56}"
EndProject
Global
	GlobalSection(SolutionConfigurationPlatforms) = preSolution
		Debug|x64 = Debug|x64
		Debug|x86 = Debug|x86
		Release|x64 = Release|x64
		Release|x86 = Release|x86
	EndGlobalSection
	GlobalSection(ProjectConfigurationPlatforms) = postSolution
		{CEBE5BA8-2AF9-4EAC-8E3A-A5E1957E016F}.Debug|x64.ActiveCfg = Debug|x64
		{CEBE5BA8-2AF9-4EAC-8E3A-A5E1957E016F}.Debug|x64.Build.0 = Debug|x64
		{CEBE5BA8-2AF9-4EAC-8E3A-A5E1957E016F}.Debug|x86.ActiveCfg = Debug|Win32
		{CEBE5BA8-2AF9-4EAC-8E3A-A5E1957E016F}.Debug|x86.Build.0 = Debug|Win32
		{CEBE5BA8-2AF9-4EAC-8E3A-A5E1957E016F}.Release|x64.ActiveCfg = Release|x64
		{CEBE5BA8-2AF9-4EAC-8E3A-A5E1957E016F}.Release|x64.Build.0 = Release|x64
		{CEBE5BA8-2AF9-4EAC-8E3A-A5E1957E016F}.Release|x86.ActiveCfg = Release|Win32
		{CEBE5BA8-2AF9-4EAC-8E3A-A5E1957E016F}.Release|x86.Build.0 = Release|Win32
		{8FF23B83-EAB6-4FFC-BE24-F50BBB82A654}.Debug|x64.ActiveCfg = Debug|x64
		{8FF23B83-EAB6-4FFC-BE24-F50BBB82A654}.Debug|x64.Build.0 = Debug|x64
		{8FF23B83-EAB6-4FFC-BE24-F50BBB82A654}.Debug|x86.ActiveCfg = Debug|Win32
		{8FF23B83-EAB6-4FFC-BE24-F50BBB82A654}.Debug|x86.Build.0 = Debug|Win32
		{8FF23B83-EAB6-4FFC-BE24-F50BBB82A654}.Release|x64.ActiveCfg = Release|x64
		{8FF23B83-EAB6-4FFC-BE24-F50BBB82A654}.Release|x64.Build.0 = Release|x64
		{8FF23B83-EAB6-4FFC-BE24-F50BBB82A654}.Release|x86.ActiveCfg = Release|Win32
		{8FF23B83-EAB6-4FFC-BE24-F50BBB82A654}.Release|x86.Build.0 = Release|Win32
		{6BB3B238-12B2-4099-B996-EA0890582C56}.Debug|x64.ActiveCfg = Debug|x64
		{6BB3B238-12B2-4099-B996-EA0890582C56}.Debug|x64.Build.0 = Debug|x64
		{6BB3B238-12B2-4099-B996-EA0890582C56}.Debug|x86.ActiveCfg = Debug|Win32
		{6BB3B238-12B2-4099-B996-EA0890582C56}.Debug|x86.Build.0 = Debug|Win32
		{6BB3B238-12B2-4099-B996-EA0890582C56}.Release|x64.ActiveCfg = Release|x64
		{6BB3B238-12B2-4099-B996-EA0890582C56}.Release|x64.Build.0 = Release|x64
		{6BB3B238-12B2-4099-B996-EA0890582C56}.Release|x86.ActiveCfg = Release|Win32
		{6BB3B238-12B2-4099-B996-EA0890582C56}.Release|x86.Build.0 = Release|Win32
	EndGlobalSection
	GlobalSection(SolutionProperties) = preSolution
		HideSolutionNode = FALSE
	EndGlobalSection
	GlobalSection(ExtensibilityGlobals) = postSolution
		SolutionGuid = {ADAADB9B-4075-4F3C-81EE-1E343583898E}
	EndGlobalSection
EndGlobal
